// !$*UTF8*$!
{
	archiveVersion = 1;
	classes = {
	};
	objectVersion = 50;
	objects = {

/* Begin PBXBuildFile section */
		207621D422EF696E0007D825 /* AppDelegate.swift in Sources */ = {isa = PBXBuildFile; fileRef = 207621D322EF696E0007D825 /* AppDelegate.swift */; };
		207621D622EF696E0007D825 /* ViewController.swift in Sources */ = {isa = PBXBuildFile; fileRef = 207621D522EF696E0007D825 /* ViewController.swift */; };
		207621D922EF696E0007D825 /* Main.storyboard in Resources */ = {isa = PBXBuildFile; fileRef = 207621D722EF696E0007D825 /* Main.storyboard */; };
		207621DB22EF69710007D825 /* Assets.xcassets in Resources */ = {isa = PBXBuildFile; fileRef = 207621DA22EF69710007D825 /* Assets.xcassets */; };
		207621DE22EF69710007D825 /* LaunchScreen.storyboard in Resources */ = {isa = PBXBuildFile; fileRef = 207621DC22EF69710007D825 /* LaunchScreen.storyboard */; };
		207621E622EF706D0007D825 /* 3ea646aa9a6a8ef5360bf686c69d3c44.jpeg in Resources */ = {isa = PBXBuildFile; fileRef = 207621E522EF706D0007D825 /* 3ea646aa9a6a8ef5360bf686c69d3c44.jpeg */; };
		207621E822EF738C0007D825 /* seabackdrop.jpg in Resources */ = {isa = PBXBuildFile; fileRef = 207621E722EF738C0007D825 /* seabackdrop.jpg */; };
		207621EA22EF75980007D825 /* sea1.jpeg in Resources */ = {isa = PBXBuildFile; fileRef = 207621E922EF75970007D825 /* sea1.jpeg */; };
		207621EC22EF75D20007D825 /* ocean-background-with-sunset-brandon-bourdages.jpg in Resources */ = {isa = PBXBuildFile; fileRef = 207621EB22EF75D20007D825 /* ocean-background-with-sunset-brandon-bourdages.jpg */; };
		207621EE22EF9C1A0007D825 /* ukiyo backdrop.jpg in Resources */ = {isa = PBXBuildFile; fileRef = 207621ED22EF9C1A0007D825 /* ukiyo backdrop.jpg */; };
		207621F022EF9FD30007D825 /* Default-568h@2x.png in Resources */ = {isa = PBXBuildFile; fileRef = 207621EF22EF9FD20007D825 /* Default-568h@2x.png */; };
/* End PBXBuildFile section */

/* Begin PBXFileReference section */
		207621D022EF696E0007D825 /* Ukiyo.app */ = {isa = PBXFileReference; explicitFileType = wrapper.application; includeInIndex = 0; path = Ukiyo.app; sourceTree = BUILT_PRODUCTS_DIR; };
		207621D322EF696E0007D825 /* AppDelegate.swift */ = {isa = PBXFileReference; lastKnownFileType = sourcecode.swift; path = AppDelegate.swift; sourceTree = "<group>"; };
		207621D522EF696E0007D825 /* ViewController.swift */ = {isa = PBXFileReference; lastKnownFileType = sourcecode.swift; path = ViewController.swift; sourceTree = "<group>"; };
		207621D822EF696E0007D825 /* Base */ = {isa = PBXFileReference; lastKnownFileType = file.storyboard; name = Base; path = Base.lproj/Main.storyboard; sourceTree = "<group>"; };
		207621DA22EF69710007D825 /* Assets.xcassets */ = {isa = PBXFileReference; lastKnownFileType = folder.assetcatalog; path = Assets.xcassets; sourceTree = "<group>"; };
		207621DD22EF69710007D825 /* Base */ = {isa = PBXFileReference; lastKnownFileType = file.storyboard; name = Base; path = Base.lproj/LaunchScreen.storyboard; sourceTree = "<group>"; };
		207621DF22EF69710007D825 /* Info.plist */ = {isa = PBXFileReference; lastKnownFileType = text.plist.xml; path = Info.plist; sourceTree = "<group>"; };
		207621E522EF706D0007D825 /* 3ea646aa9a6a8ef5360bf686c69d3c44.jpeg */ = {isa = PBXFileReference; lastKnownFileType = image.jpeg; path = 3ea646aa9a6a8ef5360bf686c69d3c44.jpeg; sourceTree = "<group>"; };
		207621E722EF738C0007D825 /* seabackdrop.jpg */ = {isa = PBXFileReference; lastKnownFileType = image.jpeg; path = seabackdrop.jpg; sourceTree = "<group>"; };
		207621E922EF75970007D825 /* sea1.jpeg */ = {isa = PBXFileReference; lastKnownFileType = image.jpeg; path = sea1.jpeg; sourceTree = "<group>"; };
		207621EB22EF75D20007D825 /* ocean-background-with-sunset-brandon-bourdages.jpg */ = {isa = PBXFileReference; lastKnownFileType = image.jpeg; path = "ocean-background-with-sunset-brandon-bourdages.jpg"; sourceTree = "<group>"; };
		207621ED22EF9C1A0007D825 /* ukiyo backdrop.jpg */ = {isa = PBXFileReference; lastKnownFileType = image.jpeg; path = "ukiyo backdrop.jpg"; sourceTree = "<group>"; };
		207621EF22EF9FD20007D825 /* Default-568h@2x.png */ = {isa = PBXFileReference; lastKnownFileType = image.png; path = "Default-568h@2x.png"; sourceTree = "<group>"; };
/* End PBXFileReference section */

/* Begin PBXFrameworksBuildPhase section */
		207621CD22EF696E0007D825 /* Frameworks */ = {
			isa = PBXFrameworksBuildPhase;
			buildActionMask = 2147483647;
			files = (
			);
			runOnlyForDeploymentPostprocessing = 0;
		};
/* End PBXFrameworksBuildPhase section */

/* Begin PBXGroup section */
		207621C722EF696E0007D825 = {
			isa = PBXGroup;
			children = (
				207621EF22EF9FD20007D825 /* Default-568h@2x.png */,
				207621D222EF696E0007D825 /* Ukiyo */,
				207621D122EF696E0007D825 /* Products */,
			);
			sourceTree = "<group>";
		};
		207621D122EF696E0007D825 /* Products */ = {
			isa = PBXGroup;
			children = (
				207621D022EF696E0007D825 /* Ukiyo.app */,
			);
			name = Products;
			sourceTree = "<group>";
		};
		207621D222EF696E0007D825 /* Ukiyo */ = {
			isa = PBXGroup;
			children = (
				207621D322EF696E0007D825 /* AppDelegate.swift */,
				207621D522EF696E0007D825 /* ViewController.swift */,
				207621D722EF696E0007D825 /* Main.storyboard */,
				207621ED22EF9C1A0007D825 /* ukiyo backdrop.jpg */,
				207621EB22EF75D20007D825 /* ocean-background-with-sunset-brandon-bourdages.jpg */,
				207621E922EF75970007D825 /* sea1.jpeg */,
				207621E722EF738C0007D825 /* seabackdrop.jpg */,
				207621E522EF706D0007D825 /* 3ea646aa9a6a8ef5360bf686c69d3c44.jpeg */,
				207621DA22EF69710007D825 /* Assets.xcassets */,
				207621DC22EF69710007D825 /* LaunchScreen.storyboard */,
				207621DF22EF69710007D825 /* Info.plist */,
			);
			path = Ukiyo;
			sourceTree = "<group>";
		};
/* End PBXGroup section */

/* Begin PBXNativeTarget section */
		207621CF22EF696E0007D825 /* Ukiyo */ = {
			isa = PBXNativeTarget;
			buildConfigurationList = 207621E222EF69710007D825 /* Build configuration list for PBXNativeTarget "Ukiyo" */;
			buildPhases = (
				207621CC22EF696E0007D825 /* Sources */,
				207621CD22EF696E0007D825 /* Frameworks */,
				207621CE22EF696E0007D825 /* Resources */,
			);
			buildRules = (
			);
			dependencies = (
			);
			name = Ukiyo;
			productName = Ukyio;
			productReference = 207621D022EF696E0007D825 /* Ukiyo.app */;
			productType = "com.apple.product-type.application";
		};
/* End PBXNativeTarget section */

/* Begin PBXProject section */
		207621C822EF696E0007D825 /* Project object */ = {
			isa = PBXProject;
			attributes = {
				LastSwiftUpdateCheck = 1020;
				LastUpgradeCheck = 1020;
				ORGANIZATIONNAME = girlswhocode;
				TargetAttributes = {
					207621CF22EF696E0007D825 = {
						CreatedOnToolsVersion = 10.2.1;
					};
				};
			};
			buildConfigurationList = 207621CB22EF696E0007D825 /* Build configuration list for PBXProject "Ukiyo" */;
			compatibilityVersion = "Xcode 9.3";
			developmentRegion = en;
			hasScannedForEncodings = 0;
			knownRegions = (
				en,
				Base,
			);
			mainGroup = 207621C722EF696E0007D825;
			productRefGroup = 207621D122EF696E0007D825 /* Products */;
			projectDirPath = "";
			projectRoot = "";
			targets = (
				207621CF22EF696E0007D825 /* Ukiyo */,
			);
		};
/* End PBXProject section */

/* Begin PBXResourcesBuildPhase section */
		207621CE22EF696E0007D825 /* Resources */ = {
			isa = PBXResourcesBuildPhase;
			buildActionMask = 2147483647;
			files = (
				207621EE22EF9C1A0007D825 /* ukiyo backdrop.jpg in Resources */,
				207621DE22EF69710007D825 /* LaunchScreen.storyboard in Resources */,
				207621F022EF9FD30007D825 /* Default-568h@2x.png in Resources */,
				207621EA22EF75980007D825 /* sea1.jpeg in Resources */,
				207621EC22EF75D20007D825 /* ocean-background-with-sunset-brandon-bourdages.jpg in Resources */,
				207621E822EF738C0007D825 /* seabackdrop.jpg in Resources */,
				207621DB22EF69710007D825 /* Assets.xcassets in Resources */,
				207621E622EF706D0007D825 /* 3ea646aa9a6a8ef5360bf686c69d3c44.jpeg in Resources */,
				207621D922EF696E0007D825 /* Main.storyboard in Resources */,
			);
			runOnlyForDeploymentPostprocessing = 0;
		};
/* End PBXResourcesBuildPhase section */

/* Begin PBXSourcesBuildPhase section */
		207621CC22EF696E0007D825 /* Sources */ = {
			isa = PBXSourcesBuildPhase;
			buildActionMask = 2147483647;
			files = (
				207621D622EF696E0007D825 /* ViewController.swift in Sources */,
				207621D422EF696E0007D825 /* AppDelegate.swift in Sources */,
			);
			runOnlyForDeploymentPostprocessing = 0;
		};
/* End PBXSourcesBuildPhase section */

/* Begin PBXVariantGroup section */
		207621D722EF696E0007D825 /* Main.storyboard */ = {
			isa = PBXVariantGroup;
			children = (
				207621D822EF696E0007D825 /* Base */,
			);
			name = Main.storyboard;
			sourceTree = "<group>";
		};
		207621DC22EF69710007D825 /* LaunchScreen.storyboard */ = {
			isa = PBXVariantGroup;
			children = (
				207621DD22EF69710007D825 /* Base */,
			);
			name = LaunchScreen.storyboard;
			sourceTree = "<group>";
		};
/* End PBXVariantGroup section */

/* Begin XCBuildConfiguration section */
		207621E022EF69710007D825 /* Debug */ = {
			isa = XCBuildConfiguration;
			buildSettings = {
				ALWAYS_SEARCH_USER_PATHS = NO;
				CLANG_ANALYZER_NONNULL = YES;
				CLANG_ANALYZER_NUMBER_OBJECT_CONVERSION = YES_AGGRESSIVE;
				CLANG_CXX_LANGUAGE_STANDARD = "gnu++14";
				CLANG_CXX_LIBRARY = "libc++";
				CLANG_ENABLE_MODULES = YES;
				CLANG_ENABLE_OBJC_ARC = YES;
				CLANG_ENABLE_OBJC_WEAK = YES;
				CLANG_WARN_BLOCK_CAPTURE_AUTORELEASING = YES;
				CLANG_WARN_BOOL_CONVERSION = YES;
				CLANG_WARN_COMMA = YES;
				CLANG_WARN_CONSTANT_CONVERSION = YES;
				CLANG_WARN_DEPRECATED_OBJC_IMPLEMENTATIONS = YES;
				CLANG_WARN_DIRECT_OBJC_ISA_USAGE = YES_ERROR;
				CLANG_WARN_DOCUMENTATION_COMMENTS = YES;
				CLANG_WARN_EMPTY_BODY = YES;
				CLANG_WARN_ENUM_CONVERSION = YES;
				CLANG_WARN_INFINITE_RECURSION = YES;
				CLANG_WARN_INT_CONVERSION = YES;
				CLANG_WARN_NON_LITERAL_NULL_CONVERSION = YES;
				CLANG_WARN_OBJC_IMPLICIT_RETAIN_SELF = YES;
				CLANG_WARN_OBJC_LITERAL_CONVERSION = YES;
				CLANG_WARN_OBJC_ROOT_CLASS = YES_ERROR;
				CLANG_WARN_RANGE_LOOP_ANALYSIS = YES;
				CLANG_WARN_STRICT_PROTOTYPES = YES;
				CLANG_WARN_SUSPICIOUS_MOVE = YES;
				CLANG_WARN_UNGUARDED_AVAILABILITY = YES_AGGRESSIVE;
				CLANG_WARN_UNREACHABLE_CODE = YES;
				CLANG_WARN__DUPLICATE_METHOD_MATCH = YES;
				CODE_SIGN_IDENTITY = "iPhone Developer";
				COPY_PHASE_STRIP = NO;
				DEBUG_INFORMATION_FORMAT = dwarf;
				ENABLE_STRICT_OBJC_MSGSEND = YES;
				ENABLE_TESTABILITY = YES;
				GCC_C_LANGUAGE_STANDARD = gnu11;
				GCC_DYNAMIC_NO_PIC = NO;
				GCC_NO_COMMON_BLOCKS = YES;
				GCC_OPTIMIZATION_LEVEL = 0;
				GCC_PREPROCESSOR_DEFINITIONS = (
					"DEBUG=1",
					"$(inherited)",
				);
				GCC_WARN_64_TO_32_BIT_CONVERSION = YES;
				GCC_WARN_ABOUT_RETURN_TYPE = YES_ERROR;
				GCC_WARN_UNDECLARED_SELECTOR = YES;
				GCC_WARN_UNINITIALIZED_AUTOS = YES_AGGRESSIVE;
				GCC_WARN_UNUSED_FUNCTION = YES;
				GCC_WARN_UNUSED_VARIABLE = YES;
				IPHONEOS_DEPLOYMENT_TARGET = 12.2;
				MTL_ENABLE_DEBUG_INFO = INCLUDE_SOURCE;
				MTL_FAST_MATH = YES;
				ONLY_ACTIVE_ARCH = YES;
				SDKROOT = iphoneos;
				SWIFT_ACTIVE_COMPILATION_CONDITIONS = DEBUG;
				SWIFT_OPTIMIZATION_LEVEL = "-Onone";
			};
			name = Debug;
		};
		207621E122EF69710007D825 /* Release */ = {
			isa = XCBuildConfiguration;
			buildSettings = {
				ALWAYS_SEARCH_USER_PATHS = NO;
				CLANG_ANALYZER_NONNULL = YES;
				CLANG_ANALYZER_NUMBER_OBJECT_CONVERSION = YES_AGGRESSIVE;
				CLANG_CXX_LANGUAGE_STANDARD = "gnu++14";
				CLANG_CXX_LIBRARY = "libc++";
				CLANG_ENABLE_MODULES = YES;
				CLANG_ENABLE_OBJC_ARC = YES;
				CLANG_ENABLE_OBJC_WEAK = YES;
				CLANG_WARN_BLOCK_CAPTURE_AUTORELEASING = YES;
				CLANG_WARN_BOOL_CONVERSION = YES;
				CLANG_WARN_COMMA = YES;
				CLANG_WARN_CONSTANT_CONVERSION = YES;
				CLANG_WARN_DEPRECATED_OBJC_IMPLEMENTATIONS = YES;
				CLANG_WARN_DIRECT_OBJC_ISA_USAGE = YES_ERROR;
				CLANG_WARN_DOCUMENTATION_COMMENTS = YES;
				CLANG_WARN_EMPTY_BODY = YES;
				CLANG_WARN_ENUM_CONVERSION = YES;
				CLANG_WARN_INFINITE_RECURSION = YES;
				CLANG_WARN_INT_CONVERSION = YES;
				CLANG_WARN_NON_LITERAL_NULL_CONVERSION = YES;
				CLANG_WARN_OBJC_IMPLICIT_RETAIN_SELF = YES;
				CLANG_WARN_OBJC_LITERAL_CONVERSION = YES;
				CLANG_WARN_OBJC_ROOT_CLASS = YES_ERROR;
				CLANG_WARN_RANGE_LOOP_ANALYSIS = YES;
				CLANG_WARN_STRICT_PROTOTYPES = YES;
				CLANG_WARN_SUSPICIOUS_MOVE = YES;
				CLANG_WARN_UNGUARDED_AVAILABILITY = YES_AGGRESSIVE;
				CLANG_WARN_UNREACHABLE_CODE = YES;
				CLANG_WARN__DUPLICATE_METHOD_MATCH = YES;
				CODE_SIGN_IDENTITY = "iPhone Developer";
				COPY_PHASE_STRIP = NO;
				DEBUG_INFORMATION_FORMAT = "dwarf-with-dsym";
				ENABLE_NS_ASSERTIONS = NO;
				ENABLE_STRICT_OBJC_MSGSEND = YES;
				GCC_C_LANGUAGE_STANDARD = gnu11;
				GCC_NO_COMMON_BLOCKS = YES;
				GCC_WARN_64_TO_32_BIT_CONVERSION = YES;
				GCC_WARN_ABOUT_RETURN_TYPE = YES_ERROR;
				GCC_WARN_UNDECLARED_SELECTOR = YES;
				GCC_WARN_UNINITIALIZED_AUTOS = YES_AGGRESSIVE;
				GCC_WARN_UNUSED_FUNCTION = YES;
				GCC_WARN_UNUSED_VARIABLE = YES;
				IPHONEOS_DEPLOYMENT_TARGET = 12.2;
				MTL_ENABLE_DEBUG_INFO = NO;
				MTL_FAST_MATH = YES;
				SDKROOT = iphoneos;
				SWIFT_COMPILATION_MODE = wholemodule;
				SWIFT_OPTIMIZATION_LEVEL = "-O";
				VALIDATE_PRODUCT = YES;
			};
			name = Release;
		};
		207621E322EF69710007D825 /* Debug */ = {
			isa = XCBuildConfiguration;
			buildSettings = {
				ASSETCATALOG_COMPILER_APPICON_NAME = AppIcon;
				CODE_SIGN_STYLE = Automatic;
				INFOPLIST_FILE = "$(SRCROOT)/Ukiyo/Info.plist";
				LD_RUNPATH_SEARCH_PATHS = (
					"$(inherited)",
					"@executable_path/Frameworks",
				);
				PRODUCT_BUNDLE_IDENTIFIER = gwc.Ukyio;
				PRODUCT_NAME = "$(TARGET_NAME)";
				SWIFT_VERSION = 5.0;
				TARGETED_DEVICE_FAMILY = "1,2";
			};
			name = Debug;
		};
		207621E422EF69710007D825 /* Release */ = {
			isa = XCBuildConfiguration;
			buildSettings = {
				ASSETCATALOG_COMPILER_APPICON_NAME = AppIcon;
				CODE_SIGN_STYLE = Automatic;
				INFOPLIST_FILE = "$(SRCROOT)/Ukiyo/Info.plist";
				LD_RUNPATH_SEARCH_PATHS = (
					"$(inherited)",
					"@executable_path/Frameworks",
				);
				PRODUCT_BUNDLE_IDENTIFIER = gwc.Ukyio;
				PRODUCT_NAME = "$(TARGET_NAME)";
				SWIFT_VERSION = 5.0;
				TARGETED_DEVICE_FAMILY = "1,2";
			};
			name = Release;
		};
/* End XCBuildConfiguration section */

/* Begin XCConfigurationList section */
		207621CB22EF696E0007D825 /* Build configuration list for PBXProject "Ukiyo" */ = {
			isa = XCConfigurationList;
			buildConfigurations = (
				207621E022EF69710007D825 /* Debug */,
				207621E122EF69710007D825 /* Release */,
			);
			defaultConfigurationIsVisible = 0;
			defaultConfigurationName = Release;
		};
		207621E222EF69710007D825 /* Build configuration list for PBXNativeTarget "Ukiyo" */ = {
			isa = XCConfigurationList;
			buildConfigurations = (
				207621E322EF69710007D825 /* Debug */,
				207621E422EF69710007D825 /* Release */,
			);
			defaultConfigurationIsVisible = 0;
			defaultConfigurationName = Release;
		};
/* End XCConfigurationList section */
	};
	rootObject = 207621C822EF696E0007D825 /* Project object */;
}
